
Microsoft Visual Studio Solution File, Format Version 12.00
# Visual Studio Version 17
VisualStudioVersion = 17.5.33516.290
MinimumVisualStudioVersion = 10.0.40219.1
Project("{FAE04EC0-301F-11D3-BF4B-00C04F79EFBC}") = "MiCalculadora", "MiCalculadora\MiCalculadora.csproj", "{A5DCB24D-23E4-47F8-97B2-B6E28EC5D8A6}"
EndProject
Project("{FAE04EC0-301F-11D3-BF4B-00C04F79EFBC}") = "BibliotecaDeClases", "BibliotecaDeClases\BibliotecaDeClases.csproj", "{6A2A60C1-D0D6-480D-B76C-47EB3D406BB2}"
EndProject
Global
	GlobalSection(SolutionConfigurationPlatforms) = preSolution
		Debug|Any CPU = Debug|Any CPU
		Release|Any CPU = Release|Any CPU
	EndGlobalSection
	GlobalSection(ProjectConfigurationPlatforms) = postSolution
		{A5DCB24D-23E4-47F8-97B2-B6E28EC5D8A6}.Debug|Any CPU.ActiveCfg = Debug|Any CPU
		{A5DCB24D-23E4-47F8-97B2-B6E28EC5D8A6}.Debug|Any CPU.Build.0 = Debug|Any CPU
		{A5DCB24D-23E4-47F8-97B2-B6E28EC5D8A6}.Release|Any CPU.ActiveCfg = Release|Any CPU
		{A5DCB24D-23E4-47F8-97B2-B6E28EC5D8A6}.Release|Any CPU.Build.0 = Release|Any CPU
		{6A2A60C1-D0D6-480D-B76C-47EB3D406BB2}.Debug|Any CPU.ActiveCfg = Debug|Any CPU
		{6A2A60C1-D0D6-480D-B76C-47EB3D406BB2}.Debug|Any CPU.Build.0 = Debug|Any CPU
		{6A2A60C1-D0D6-480D-B76C-47EB3D406BB2}.Release|Any CPU.ActiveCfg = Release|Any CPU
		{6A2A60C1-D0D6-480D-B76C-47EB3D406BB2}.Release|Any CPU.Build.0 = Release|Any CPU
	EndGlobalSection
	GlobalSection(SolutionProperties) = preSolution
		HideSolutionNode = FALSE
	EndGlobalSection
	GlobalSection(ExtensibilityGlobals) = postSolution
		SolutionGuid = {655058B4-9192-4420-8103-751FA7D3B97B}
	EndGlobalSection
EndGlobal
